
Microsoft Visual Studio Solution File, Format Version 12.00
# Visual Studio Version 17
VisualStudioVersion = 17.0.31903.59
MinimumVisualStudioVersion = 10.0.40219.1
Project("{2150E333-8FDC-42A3-9474-1A3956D46DE8}") = "src", "src", "{827E0CD3-B72D-47B6-A68D-7590B98EB39B}"
EndProject
Project("{2150E333-8FDC-42A3-9474-1A3956D46DE8}") = "Core", "Core", "{8D626EA8-CB54-BC41-363A-217881BEBA6E}"
EndProject
Project("{FAE04EC0-301F-11D3-BF4B-00C04F79EFBC}") = "FastFood.KitchenFlow.Domain", "src\Core\FastFood.KitchenFlow.Domain\FastFood.KitchenFlow.Domain.csproj", "{36125A7E-6EA0-4AFB-8213-5C3A4E472CD5}"
EndProject
Project("{FAE04EC0-301F-11D3-BF4B-00C04F79EFBC}") = "FastFood.KitchenFlow.Application", "src\Core\FastFood.KitchenFlow.Application\FastFood.KitchenFlow.Application.csproj", "{33D675CC-BE7F-4543-A5DB-E2CF28AA3B5C}"
EndProject
Project("{FAE04EC0-301F-11D3-BF4B-00C04F79EFBC}") = "FastFood.KitchenFlow.Infra", "src\Core\FastFood.KitchenFlow.Infra\FastFood.KitchenFlow.Infra.csproj", "{FE8CE709-6B9E-4AF2-ADCE-C1F26A550459}"
EndProject
Project("{FAE04EC0-301F-11D3-BF4B-00C04F79EFBC}") = "FastFood.KitchenFlow.Infra.Persistence", "src\Core\FastFood.KitchenFlow.Infra.Persistence\FastFood.KitchenFlow.Infra.Persistence.csproj", "{0F23D7D5-6ED6-46F1-BDF3-5FE4AE73D4DE}"
EndProject
Project("{FAE04EC0-301F-11D3-BF4B-00C04F79EFBC}") = "FastFood.KitchenFlow.CrossCutting", "src\Core\FastFood.KitchenFlow.CrossCutting\FastFood.KitchenFlow.CrossCutting.csproj", "{7D8FBFCF-CEBF-4B7B-9FFA-C9877284EFF0}"
EndProject
Project("{2150E333-8FDC-42A3-9474-1A3956D46DE8}") = "InterfacesExternas", "InterfacesExternas", "{68D51686-3FE0-D6A9-BE68-1F75766C3817}"
EndProject
Project("{FAE04EC0-301F-11D3-BF4B-00C04F79EFBC}") = "FastFood.KitchenFlow.Api", "src\InterfacesExternas\FastFood.KitchenFlow.Api\FastFood.KitchenFlow.Api.csproj", "{971793F0-6C60-4F65-8330-8F78231FD049}"
EndProject
Project("{FAE04EC0-301F-11D3-BF4B-00C04F79EFBC}") = "FastFood.KitchenFlow.Migrator", "src\InterfacesExternas\FastFood.KitchenFlow.Migrator\FastFood.KitchenFlow.Migrator.csproj", "{C6A230BA-ED3D-48C5-A096-660BD5563097}"
EndProject
Project("{2150E333-8FDC-42A3-9474-1A3956D46DE8}") = "tests", "tests", "{CEA09484-30F6-4D44-02F6-822E06DBC57C}"
EndProject
Project("{FAE04EC0-301F-11D3-BF4B-00C04F79EFBC}") = "FastFood.KitchenFlow.Tests.Unit", "src\tests\FastFood.KitchenFlow.Tests.Unit\FastFood.KitchenFlow.Tests.Unit.csproj", "{28A28C42-9D69-4B00-93DC-AFD4147A2B69}"
EndProject
Project("{FAE04EC0-301F-11D3-BF4B-00C04F79EFBC}") = "FastFood.KitchenFlow.Tests.Bdd", "src\tests\FastFood.KitchenFlow.Tests.Bdd\FastFood.KitchenFlow.Tests.Bdd.csproj", "{F84A1667-204C-42F4-BF66-18C38677A16C}"
EndProject
Global
	GlobalSection(SolutionConfigurationPlatforms) = preSolution
		Debug|Any CPU = Debug|Any CPU
		Debug|x64 = Debug|x64
		Debug|x86 = Debug|x86
		Release|Any CPU = Release|Any CPU
		Release|x64 = Release|x64
		Release|x86 = Release|x86
	EndGlobalSection
	GlobalSection(ProjectConfigurationPlatforms) = postSolution
		{36125A7E-6EA0-4AFB-8213-5C3A4E472CD5}.Debug|Any CPU.ActiveCfg = Debug|Any CPU
		{36125A7E-6EA0-4AFB-8213-5C3A4E472CD5}.Debug|Any CPU.Build.0 = Debug|Any CPU
		{36125A7E-6EA0-4AFB-8213-5C3A4E472CD5}.Debug|x64.ActiveCfg = Debug|Any CPU
		{36125A7E-6EA0-4AFB-8213-5C3A4E472CD5}.Debug|x64.Build.0 = Debug|Any CPU
		{36125A7E-6EA0-4AFB-8213-5C3A4E472CD5}.Debug|x86.ActiveCfg = Debug|Any CPU
		{36125A7E-6EA0-4AFB-8213-5C3A4E472CD5}.Debug|x86.Build.0 = Debug|Any CPU
		{36125A7E-6EA0-4AFB-8213-5C3A4E472CD5}.Release|Any CPU.ActiveCfg = Release|Any CPU
		{36125A7E-6EA0-4AFB-8213-5C3A4E472CD5}.Release|Any CPU.Build.0 = Release|Any CPU
		{36125A7E-6EA0-4AFB-8213-5C3A4E472CD5}.Release|x64.ActiveCfg = Release|Any CPU
		{36125A7E-6EA0-4AFB-8213-5C3A4E472CD5}.Release|x64.Build.0 = Release|Any CPU
		{36125A7E-6EA0-4AFB-8213-5C3A4E472CD5}.Release|x86.ActiveCfg = Release|Any CPU
		{36125A7E-6EA0-4AFB-8213-5C3A4E472CD5}.Release|x86.Build.0 = Release|Any CPU
		{33D675CC-BE7F-4543-A5DB-E2CF28AA3B5C}.Debug|Any CPU.ActiveCfg = Debug|Any CPU
		{33D675CC-BE7F-4543-A5DB-E2CF28AA3B5C}.Debug|Any CPU.Build.0 = Debug|Any CPU
		{33D675CC-BE7F-4543-A5DB-E2CF28AA3B5C}.Debug|x64.ActiveCfg = Debug|Any CPU
		{33D675CC-BE7F-4543-A5DB-E2CF28AA3B5C}.Debug|x64.Build.0 = Debug|Any CPU
		{33D675CC-BE7F-4543-A5DB-E2CF28AA3B5C}.Debug|x86.ActiveCfg = Debug|Any CPU
		{33D675CC-BE7F-4543-A5DB-E2CF28AA3B5C}.Debug|x86.Build.0 = Debug|Any CPU
		{33D675CC-BE7F-4543-A5DB-E2CF28AA3B5C}.Release|Any CPU.ActiveCfg = Release|Any CPU
		{33D675CC-BE7F-4543-A5DB-E2CF28AA3B5C}.Release|Any CPU.Build.0 = Release|Any CPU
		{33D675CC-BE7F-4543-A5DB-E2CF28AA3B5C}.Release|x64.ActiveCfg = Release|Any CPU
		{33D675CC-BE7F-4543-A5DB-E2CF28AA3B5C}.Release|x64.Build.0 = Release|Any CPU
		{33D675CC-BE7F-4543-A5DB-E2CF28AA3B5C}.Release|x86.ActiveCfg = Release|Any CPU
		{33D675CC-BE7F-4543-A5DB-E2CF28AA3B5C}.Release|x86.Build.0 = Release|Any CPU
		{FE8CE709-6B9E-4AF2-ADCE-C1F26A550459}.Debug|Any CPU.ActiveCfg = Debug|Any CPU
		{FE8CE709-6B9E-4AF2-ADCE-C1F26A550459}.Debug|Any CPU.Build.0 = Debug|Any CPU
		{FE8CE709-6B9E-4AF2-ADCE-C1F26A550459}.Debug|x64.ActiveCfg = Debug|Any CPU
		{FE8CE709-6B9E-4AF2-ADCE-C1F26A550459}.Debug|x64.Build.0 = Debug|Any CPU
		{FE8CE709-6B9E-4AF2-ADCE-C1F26A550459}.Debug|x86.ActiveCfg = Debug|Any CPU
		{FE8CE709-6B9E-4AF2-ADCE-C1F26A550459}.Debug|x86.Build.0 = Debug|Any CPU
		{FE8CE709-6B9E-4AF2-ADCE-C1F26A550459}.Release|Any CPU.ActiveCfg = Release|Any CPU
		{FE8CE709-6B9E-4AF2-ADCE-C1F26A550459}.Release|Any CPU.Build.0 = Release|Any CPU
		{FE8CE709-6B9E-4AF2-ADCE-C1F26A550459}.Release|x64.ActiveCfg = Release|Any CPU
		{FE8CE709-6B9E-4AF2-ADCE-C1F26A550459}.Release|x64.Build.0 = Release|Any CPU
		{FE8CE709-6B9E-4AF2-ADCE-C1F26A550459}.Release|x86.ActiveCfg = Release|Any CPU
		{FE8CE709-6B9E-4AF2-ADCE-C1F26A550459}.Release|x86.Build.0 = Release|Any CPU
		{0F23D7D5-6ED6-46F1-BDF3-5FE4AE73D4DE}.Debug|Any CPU.ActiveCfg = Debug|Any CPU
		{0F23D7D5-6ED6-46F1-BDF3-5FE4AE73D4DE}.Debug|Any CPU.Build.0 = Debug|Any CPU
		{0F23D7D5-6ED6-46F1-BDF3-5FE4AE73D4DE}.Debug|x64.ActiveCfg = Debug|Any CPU
		{0F23D7D5-6ED6-46F1-BDF3-5FE4AE73D4DE}.Debug|x64.Build.0 = Debug|Any CPU
		{0F23D7D5-6ED6-46F1-BDF3-5FE4AE73D4DE}.Debug|x86.ActiveCfg = Debug|Any CPU
		{0F23D7D5-6ED6-46F1-BDF3-5FE4AE73D4DE}.Debug|x86.Build.0 = Debug|Any CPU
		{0F23D7D5-6ED6-46F1-BDF3-5FE4AE73D4DE}.Release|Any CPU.ActiveCfg = Release|Any CPU
		{0F23D7D5-6ED6-46F1-BDF3-5FE4AE73D4DE}.Release|Any CPU.Build.0 = Release|Any CPU
		{0F23D7D5-6ED6-46F1-BDF3-5FE4AE73D4DE}.Release|x64.ActiveCfg = Release|Any CPU
		{0F23D7D5-6ED6-46F1-BDF3-5FE4AE73D4DE}.Release|x64.Build.0 = Release|Any CPU
		{0F23D7D5-6ED6-46F1-BDF3-5FE4AE73D4DE}.Release|x86.ActiveCfg = Release|Any CPU
		{0F23D7D5-6ED6-46F1-BDF3-5FE4AE73D4DE}.Release|x86.Build.0 = Release|Any CPU
		{7D8FBFCF-CEBF-4B7B-9FFA-C9877284EFF0}.Debug|Any CPU.ActiveCfg = Debug|Any CPU
		{7D8FBFCF-CEBF-4B7B-9FFA-C9877284EFF0}.Debug|Any CPU.Build.0 = Debug|Any CPU
		{7D8FBFCF-CEBF-4B7B-9FFA-C9877284EFF0}.Debug|x64.ActiveCfg = Debug|Any CPU
		{7D8FBFCF-CEBF-4B7B-9FFA-C9877284EFF0}.Debug|x64.Build.0 = Debug|Any CPU
		{7D8FBFCF-CEBF-4B7B-9FFA-C9877284EFF0}.Debug|x86.ActiveCfg = Debug|Any CPU
		{7D8FBFCF-CEBF-4B7B-9FFA-C9877284EFF0}.Debug|x86.Build.0 = Debug|Any CPU
		{7D8FBFCF-CEBF-4B7B-9FFA-C9877284EFF0}.Release|Any CPU.ActiveCfg = Release|Any CPU
		{7D8FBFCF-CEBF-4B7B-9FFA-C9877284EFF0}.Release|Any CPU.Build.0 = Release|Any CPU
		{7D8FBFCF-CEBF-4B7B-9FFA-C9877284EFF0}.Release|x64.ActiveCfg = Release|Any CPU
		{7D8FBFCF-CEBF-4B7B-9FFA-C9877284EFF0}.Release|x64.Build.0 = Release|Any CPU
		{7D8FBFCF-CEBF-4B7B-9FFA-C9877284EFF0}.Release|x86.ActiveCfg = Release|Any CPU
		{7D8FBFCF-CEBF-4B7B-9FFA-C9877284EFF0}.Release|x86.Build.0 = Release|Any CPU
		{971793F0-6C60-4F65-8330-8F78231FD049}.Debug|Any CPU.ActiveCfg = Debug|Any CPU
		{971793F0-6C60-4F65-8330-8F78231FD049}.Debug|Any CPU.Build.0 = Debug|Any CPU
		{971793F0-6C60-4F65-8330-8F78231FD049}.Debug|x64.ActiveCfg = Debug|Any CPU
		{971793F0-6C60-4F65-8330-8F78231FD049}.Debug|x64.Build.0 = Debug|Any CPU
		{971793F0-6C60-4F65-8330-8F78231FD049}.Debug|x86.ActiveCfg = Debug|Any CPU
		{971793F0-6C60-4F65-8330-8F78231FD049}.Debug|x86.Build.0 = Debug|Any CPU
		{971793F0-6C60-4F65-8330-8F78231FD049}.Release|Any CPU.ActiveCfg = Release|Any CPU
		{971793F0-6C60-4F65-8330-8F78231FD049}.Release|Any CPU.Build.0 = Release|Any CPU
		{971793F0-6C60-4F65-8330-8F78231FD049}.Release|x64.ActiveCfg = Release|Any CPU
		{971793F0-6C60-4F65-8330-8F78231FD049}.Release|x64.Build.0 = Release|Any CPU
		{971793F0-6C60-4F65-8330-8F78231FD049}.Release|x86.ActiveCfg = Release|Any CPU
		{971793F0-6C60-4F65-8330-8F78231FD049}.Release|x86.Build.0 = Release|Any CPU
		{C6A230BA-ED3D-48C5-A096-660BD5563097}.Debug|Any CPU.ActiveCfg = Debug|Any CPU
		{C6A230BA-ED3D-48C5-A096-660BD5563097}.Debug|Any CPU.Build.0 = Debug|Any CPU
		{C6A230BA-ED3D-48C5-A096-660BD5563097}.Debug|x64.ActiveCfg = Debug|Any CPU
		{C6A230BA-ED3D-48C5-A096-660BD5563097}.Debug|x64.Build.0 = Debug|Any CPU
		{C6A230BA-ED3D-48C5-A096-660BD5563097}.Debug|x86.ActiveCfg = Debug|Any CPU
		{C6A230BA-ED3D-48C5-A096-660BD5563097}.Debug|x86.Build.0 = Debug|Any CPU
		{C6A230BA-ED3D-48C5-A096-660BD5563097}.Release|Any CPU.ActiveCfg = Release|Any CPU
		{C6A230BA-ED3D-48C5-A096-660BD5563097}.Release|Any CPU.Build.0 = Release|Any CPU
		{C6A230BA-ED3D-48C5-A096-660BD5563097}.Release|x64.ActiveCfg = Release|Any CPU
		{C6A230BA-ED3D-48C5-A096-660BD5563097}.Release|x64.Build.0 = Release|Any CPU
		{C6A230BA-ED3D-48C5-A096-660BD5563097}.Release|x86.ActiveCfg = Release|Any CPU
		{C6A230BA-ED3D-48C5-A096-660BD5563097}.Release|x86.Build.0 = Release|Any CPU
		{28A28C42-9D69-4B00-93DC-AFD4147A2B69}.Debug|Any CPU.ActiveCfg = Debug|Any CPU
		{28A28C42-9D69-4B00-93DC-AFD4147A2B69}.Debug|Any CPU.Build.0 = Debug|Any CPU
		{28A28C42-9D69-4B00-93DC-AFD4147A2B69}.Debug|x64.ActiveCfg = Debug|Any CPU
		{28A28C42-9D69-4B00-93DC-AFD4147A2B69}.Debug|x64.Build.0 = Debug|Any CPU
		{28A28C42-9D69-4B00-93DC-AFD4147A2B69}.Debug|x86.ActiveCfg = Debug|Any CPU
		{28A28C42-9D69-4B00-93DC-AFD4147A2B69}.Debug|x86.Build.0 = Debug|Any CPU
		{28A28C42-9D69-4B00-93DC-AFD4147A2B69}.Release|Any CPU.ActiveCfg = Release|Any CPU
		{28A28C42-9D69-4B00-93DC-AFD4147A2B69}.Release|Any CPU.Build.0 = Release|Any CPU
		{28A28C42-9D69-4B00-93DC-AFD4147A2B69}.Release|x64.ActiveCfg = Release|Any CPU
		{28A28C42-9D69-4B00-93DC-AFD4147A2B69}.Release|x64.Build.0 = Release|Any CPU
		{28A28C42-9D69-4B00-93DC-AFD4147A2B69}.Release|x86.ActiveCfg = Release|Any CPU
		{28A28C42-9D69-4B00-93DC-AFD4147A2B69}.Release|x86.Build.0 = Release|Any CPU
		{F84A1667-204C-42F4-BF66-18C38677A16C}.Debug|Any CPU.ActiveCfg = Debug|Any CPU
		{F84A1667-204C-42F4-BF66-18C38677A16C}.Debug|Any CPU.Build.0 = Debug|Any CPU
		{F84A1667-204C-42F4-BF66-18C38677A16C}.Debug|x64.ActiveCfg = Debug|Any CPU
		{F84A1667-204C-42F4-BF66-18C38677A16C}.Debug|x64.Build.0 = Debug|Any CPU
		{F84A1667-204C-42F4-BF66-18C38677A16C}.Debug|x86.ActiveCfg = Debug|Any CPU
		{F84A1667-204C-42F4-BF66-18C38677A16C}.Debug|x86.Build.0 = Debug|Any CPU
		{F84A1667-204C-42F4-BF66-18C38677A16C}.Release|Any CPU.ActiveCfg = Release|Any CPU
		{F84A1667-204C-42F4-BF66-18C38677A16C}.Release|Any CPU.Build.0 = Release|Any CPU
		{F84A1667-204C-42F4-BF66-18C38677A16C}.Release|x64.ActiveCfg = Release|Any CPU
		{F84A1667-204C-42F4-BF66-18C38677A16C}.Release|x64.Build.0 = Release|Any CPU
		{F84A1667-204C-42F4-BF66-18C38677A16C}.Release|x86.ActiveCfg = Release|Any CPU
		{F84A1667-204C-42F4-BF66-18C38677A16C}.Release|x86.Build.0 = Release|Any CPU
	EndGlobalSection
	GlobalSection(SolutionProperties) = preSolution
		HideSolutionNode = FALSE
	EndGlobalSection
	GlobalSection(NestedProjects) = preSolution
		{8D626EA8-CB54-BC41-363A-217881BEBA6E} = {827E0CD3-B72D-47B6-A68D-7590B98EB39B}
		{36125A7E-6EA0-4AFB-8213-5C3A4E472CD5} = {8D626EA8-CB54-BC41-363A-217881BEBA6E}
		{33D675CC-BE7F-4543-A5DB-E2CF28AA3B5C} = {8D626EA8-CB54-BC41-363A-217881BEBA6E}
		{FE8CE709-6B9E-4AF2-ADCE-C1F26A550459} = {8D626EA8-CB54-BC41-363A-217881BEBA6E}
		{0F23D7D5-6ED6-46F1-BDF3-5FE4AE73D4DE} = {8D626EA8-CB54-BC41-363A-217881BEBA6E}
		{7D8FBFCF-CEBF-4B7B-9FFA-C9877284EFF0} = {8D626EA8-CB54-BC41-363A-217881BEBA6E}
		{68D51686-3FE0-D6A9-BE68-1F75766C3817} = {827E0CD3-B72D-47B6-A68D-7590B98EB39B}
		{971793F0-6C60-4F65-8330-8F78231FD049} = {68D51686-3FE0-D6A9-BE68-1F75766C3817}
		{C6A230BA-ED3D-48C5-A096-660BD5563097} = {68D51686-3FE0-D6A9-BE68-1F75766C3817}
		{CEA09484-30F6-4D44-02F6-822E06DBC57C} = {827E0CD3-B72D-47B6-A68D-7590B98EB39B}
		{28A28C42-9D69-4B00-93DC-AFD4147A2B69} = {CEA09484-30F6-4D44-02F6-822E06DBC57C}
		{F84A1667-204C-42F4-BF66-18C38677A16C} = {CEA09484-30F6-4D44-02F6-822E06DBC57C}
	EndGlobalSection
EndGlobal
